
Microsoft Visual Studio Solution File, Format Version 12.00
# Visual Studio Version 17
VisualStudioVersion = 17.14.36301.6 d17.14
MinimumVisualStudioVersion = 10.0.40219.1
Project("{FAE04EC0-301F-11D3-BF4B-00C04F79EFBC}") = "DyeAndDurham.Sorter.Core", "DyeAndDurham.Sorter.Core\DyeAndDurham.Sorter.Core.csproj", "{C413003A-6E6A-4753-BF75-7FE9E86C647F}"
EndProject
Project("{FAE04EC0-301F-11D3-BF4B-00C04F79EFBC}") = "DyeAndDurham.Sorter.Cli", "DyeAndDurham.Sorter.Cli\DyeAndDurham.Sorter.Cli.csproj", "{B9E15AD8-CDCD-4472-A891-577105ECE6D8}"
EndProject
Project("{FAE04EC0-301F-11D3-BF4B-00C04F79EFBC}") = "DyeAndDurham.Sorter.Tests", "DyeAndDurham.Sorter.Tests\DyeAndDurham.Sorter.Tests.csproj", "{0934D709-E678-4C91-A124-32883BF71DCE}"
EndProject
Global
	GlobalSection(SolutionConfigurationPlatforms) = preSolution
		Debug|Any CPU = Debug|Any CPU
		Release|Any CPU = Release|Any CPU
	EndGlobalSection
	GlobalSection(ProjectConfigurationPlatforms) = postSolution
		{C413003A-6E6A-4753-BF75-7FE9E86C647F}.Debug|Any CPU.ActiveCfg = Debug|Any CPU
		{C413003A-6E6A-4753-BF75-7FE9E86C647F}.Debug|Any CPU.Build.0 = Debug|Any CPU
		{C413003A-6E6A-4753-BF75-7FE9E86C647F}.Release|Any CPU.ActiveCfg = Release|Any CPU
		{C413003A-6E6A-4753-BF75-7FE9E86C647F}.Release|Any CPU.Build.0 = Release|Any CPU
		{B9E15AD8-CDCD-4472-A891-577105ECE6D8}.Debug|Any CPU.ActiveCfg = Debug|Any CPU
		{B9E15AD8-CDCD-4472-A891-577105ECE6D8}.Debug|Any CPU.Build.0 = Debug|Any CPU
		{B9E15AD8-CDCD-4472-A891-577105ECE6D8}.Release|Any CPU.ActiveCfg = Release|Any CPU
		{B9E15AD8-CDCD-4472-A891-577105ECE6D8}.Release|Any CPU.Build.0 = Release|Any CPU
		{0934D709-E678-4C91-A124-32883BF71DCE}.Debug|Any CPU.ActiveCfg = Debug|Any CPU
		{0934D709-E678-4C91-A124-32883BF71DCE}.Debug|Any CPU.Build.0 = Debug|Any CPU
		{0934D709-E678-4C91-A124-32883BF71DCE}.Release|Any CPU.ActiveCfg = Release|Any CPU
		{0934D709-E678-4C91-A124-32883BF71DCE}.Release|Any CPU.Build.0 = Release|Any CPU
	EndGlobalSection
	GlobalSection(SolutionProperties) = preSolution
		HideSolutionNode = FALSE
	EndGlobalSection
	GlobalSection(ExtensibilityGlobals) = postSolution
		SolutionGuid = {39CA7AD6-9E18-4A72-8785-6444664F2C5C}
	EndGlobalSection
EndGlobal
